// !$*UTF8*$!
{
	archiveVersion = 1;
	classes = {
	};
	objectVersion = 46;
	objects = {

/* Begin PBXBuildFile section */
		4F3BB1451284C78800F75366 /* UIKit.framework in Frameworks */ = {isa = PBXBuildFile; fileRef = 4F3BB1441284C78800F75366 /* UIKit.framework */; };
		4F3BB1471284C78800F75366 /* Foundation.framework in Frameworks */ = {isa = PBXBuildFile; fileRef = 4F3BB1461284C78800F75366 /* Foundation.framework */; };
		4F3BB1491284C78800F75366 /* CoreGraphics.framework in Frameworks */ = {isa = PBXBuildFile; fileRef = 4F3BB1481284C78800F75366 /* CoreGraphics.framework */; };
		4F3BB14E1284C78800F75366 /* InfoPlist.strings in Resources */ = {isa = PBXBuildFile; fileRef = 4F3BB14C1284C78800F75366 /* InfoPlist.strings */; };
		4F3BB1501284C78800F75366 /* main.m in Sources */ = {isa = PBXBuildFile; fileRef = 4F3BB14F1284C78800F75366 /* main.m */; };
		4F3BB1531284C78800F75366 /* iPhoneDivePoolAppDelegate.m in Sources */ = {isa = PBXBuildFile; fileRef = 4F3BB1521284C78800F75366 /* iPhoneDivePoolAppDelegate.m */; };
		4F3BB1561284C78800F75366 /* MainWindow.xib in Resources */ = {isa = PBXBuildFile; fileRef = 4F3BB1541284C78800F75366 /* MainWindow.xib */; };
		4F3BB1591284C78800F75366 /* iPhoneDivePoolViewController.m in Sources */ = {isa = PBXBuildFile; fileRef = 4F3BB1581284C78800F75366 /* iPhoneDivePoolViewController.m */; };
		4F3BB15C1284C78800F75366 /* iPhoneDivePoolViewController.xib in Resources */ = {isa = PBXBuildFile; fileRef = 4F3BB15A1284C78800F75366 /* iPhoneDivePoolViewController.xib */; };
/* End PBXBuildFile section */

/* Begin PBXFileReference section */
		4F3BB1411284C78800F75366 /* iPhoneDivePool.app */ = {isa = PBXFileReference; explicitFileType = wrapper.application; includeInIndex = 0; path = iPhoneDivePool.app; sourceTree = BUILT_PRODUCTS_DIR; };
		4F3BB1441284C78800F75366 /* UIKit.framework */ = {isa = PBXFileReference; lastKnownFileType = wrapper.framework; name = UIKit.framework; path = System/Library/Frameworks/UIKit.framework; sourceTree = SDKROOT; };
		4F3BB1461284C78800F75366 /* Foundation.framework */ = {isa = PBXFileReference; lastKnownFileType = wrapper.framework; name = Foundation.framework; path = System/Library/Frameworks/Foundation.framework; sourceTree = SDKROOT; };
		4F3BB1481284C78800F75366 /* CoreGraphics.framework */ = {isa = PBXFileReference; lastKnownFileType = wrapper.framework; name = CoreGraphics.framework; path = System/Library/Frameworks/CoreGraphics.framework; sourceTree = SDKROOT; };
		4F3BB14A1284C78800F75366 /* iPhoneDivePool-Info.plist */ = {isa = PBXFileReference; lastKnownFileType = text.plist.xml; path = "iPhoneDivePool-Info.plist"; sourceTree = "<group>"; };
		4F3BB14B1284C78800F75366 /* iPhoneDivePool_Prefix.pch */ = {isa = PBXFileReference; lastKnownFileType = sourcecode.c.h; path = iPhoneDivePool_Prefix.pch; sourceTree = "<group>"; };
		4F3BB14D1284C78800F75366 /* en */ = {isa = PBXFileReference; lastKnownFileType = text.plist.strings; name = en; path = en.lproj/InfoPlist.strings; sourceTree = "<group>"; };
		4F3BB14F1284C78800F75366 /* main.m */ = {isa = PBXFileReference; lastKnownFileType = sourcecode.c.objc; path = main.m; sourceTree = "<group>"; };
		4F3BB1511284C78800F75366 /* iPhoneDivePoolAppDelegate.h */ = {isa = PBXFileReference; lastKnownFileType = sourcecode.c.h; path = iPhoneDivePoolAppDelegate.h; sourceTree = "<group>"; };
		4F3BB1521284C78800F75366 /* iPhoneDivePoolAppDelegate.m */ = {isa = PBXFileReference; lastKnownFileType = sourcecode.c.objc; path = iPhoneDivePoolAppDelegate.m; sourceTree = "<group>"; };
		4F3BB1551284C78800F75366 /* en */ = {isa = PBXFileReference; lastKnownFileType = file.xib; name = en; path = en.lproj/MainWindow.xib; sourceTree = "<group>"; };
		4F3BB1571284C78800F75366 /* iPhoneDivePoolViewController.h */ = {isa = PBXFileReference; lastKnownFileType = sourcecode.c.h; path = iPhoneDivePoolViewController.h; sourceTree = "<group>"; };
		4F3BB1581284C78800F75366 /* iPhoneDivePoolViewController.m */ = {isa = PBXFileReference; lastKnownFileType = sourcecode.c.objc; path = iPhoneDivePoolViewController.m; sourceTree = "<group>"; };
		4F3BB15B1284C78800F75366 /* en */ = {isa = PBXFileReference; lastKnownFileType = file.xib; name = en; path = en.lproj/iPhoneDivePoolViewController.xib; sourceTree = "<group>"; };
/* End PBXFileReference section */

/* Begin PBXFrameworksBuildPhase section */
		4F3BB13E1284C78800F75366 /* Frameworks */ = {
			isa = PBXFrameworksBuildPhase;
			buildActionMask = 2147483647;
			files = (
				4F3BB1451284C78800F75366 /* UIKit.framework in Frameworks */,
				4F3BB1471284C78800F75366 /* Foundation.framework in Frameworks */,
				4F3BB1491284C78800F75366 /* CoreGraphics.framework in Frameworks */,
			);
			runOnlyForDeploymentPostprocessing = 0;
		};
/* End PBXFrameworksBuildPhase section */

/* Begin PBXGroup section */
		4F3BB1321284C78800F75366 = {
			isa = PBXGroup;
			children = (
				4F3BB1391284C78800F75366 /* Classes */,
				4F3BB13A1284C78800F75366 /* Other Sources */,
				4F3BB13B1284C78800F75366 /* Resources */,
				4F3BB13C1284C78800F75366 /* Frameworks */,
				4F3BB1421284C78800F75366 /* Products */,
			);
			sourceTree = "<group>";
		};
		4F3BB1391284C78800F75366 /* Classes */ = {
			isa = PBXGroup;
			children = (
				4F3BB1511284C78800F75366 /* iPhoneDivePoolAppDelegate.h */,
				4F3BB1521284C78800F75366 /* iPhoneDivePoolAppDelegate.m */,
				4F3BB1571284C78800F75366 /* iPhoneDivePoolViewController.h */,
				4F3BB1581284C78800F75366 /* iPhoneDivePoolViewController.m */,
			);
			path = Classes;
			sourceTree = "<group>";
		};
		4F3BB13A1284C78800F75366 /* Other Sources */ = {
			isa = PBXGroup;
			children = (
				4F3BB14B1284C78800F75366 /* iPhoneDivePool_Prefix.pch */,
				4F3BB14F1284C78800F75366 /* main.m */,
			);
			name = "Other Sources";
			sourceTree = "<group>";
		};
		4F3BB13B1284C78800F75366 /* Resources */ = {
			isa = PBXGroup;
			children = (
				4F3BB14A1284C78800F75366 /* iPhoneDivePool-Info.plist */,
				4F3BB14C1284C78800F75366 /* InfoPlist.strings */,
				4F3BB1541284C78800F75366 /* MainWindow.xib */,
				4F3BB15A1284C78800F75366 /* iPhoneDivePoolViewController.xib */,
			);
			name = Resources;
			sourceTree = "<group>";
		};
		4F3BB13C1284C78800F75366 /* Frameworks */ = {
			isa = PBXGroup;
			children = (
				4F3BB1441284C78800F75366 /* UIKit.framework */,
				4F3BB1461284C78800F75366 /* Foundation.framework */,
				4F3BB1481284C78800F75366 /* CoreGraphics.framework */,
			);
			name = Frameworks;
			sourceTree = "<group>";
		};
		4F3BB1421284C78800F75366 /* Products */ = {
			isa = PBXGroup;
			children = (
				4F3BB1411284C78800F75366 /* iPhoneDivePool.app */,
			);
			name = Products;
			sourceTree = "<group>";
		};
/* End PBXGroup section */

/* Begin PBXNativeTarget section */
		4F3BB1401284C78800F75366 /* iPhoneDivePool */ = {
			isa = PBXNativeTarget;
			buildConfigurationList = 4F3BB15F1284C78800F75366 /* Build configuration list for PBXNativeTarget "iPhoneDivePool" */;
			buildPhases = (
				4F3BB13D1284C78800F75366 /* Sources */,
				4F3BB13E1284C78800F75366 /* Frameworks */,
				4F3BB13F1284C78800F75366 /* Resources */,
			);
			buildRules = (
			);
			dependencies = (
			);
			name = iPhoneDivePool;
			productName = iPhoneDivePool;
			productReference = 4F3BB1411284C78800F75366 /* iPhoneDivePool.app */;
			productType = "com.apple.product-type.application";
		};
/* End PBXNativeTarget section */

/* Begin PBXProject section */
		4F3BB1341284C78800F75366 /* Project object */ = {
			isa = PBXProject;
			buildConfigurationList = 4F3BB1371284C78800F75366 /* Build configuration list for PBXProject "iPhoneDivePool" */;
			compatibilityVersion = "Xcode 3.2";
			developmentRegion = English;
			hasScannedForEncodings = 0;
			knownRegions = (
				en,
			);
			mainGroup = 4F3BB1321284C78800F75366;
			productRefGroup = 4F3BB1421284C78800F75366 /* Products */;
			projectDirPath = "";
			projectRoot = "";
			targets = (
				4F3BB1401284C78800F75366 /* iPhoneDivePool */,
			);
		};
/* End PBXProject section */

/* Begin PBXResourcesBuildPhase section */
		4F3BB13F1284C78800F75366 /* Resources */ = {
			isa = PBXResourcesBuildPhase;
			buildActionMask = 2147483647;
			files = (
				4F3BB14E1284C78800F75366 /* InfoPlist.strings in Resources */,
				4F3BB1561284C78800F75366 /* MainWindow.xib in Resources */,
				4F3BB15C1284C78800F75366 /* iPhoneDivePoolViewController.xib in Resources */,
			);
			runOnlyForDeploymentPostprocessing = 0;
		};
/* End PBXResourcesBuildPhase section */

/* Begin PBXSourcesBuildPhase section */
		4F3BB13D1284C78800F75366 /* Sources */ = {
			isa = PBXSourcesBuildPhase;
			buildActionMask = 2147483647;
			files = (
				4F3BB1501284C78800F75366 /* main.m in Sources */,
				4F3BB1531284C78800F75366 /* iPhoneDivePoolAppDelegate.m in Sources */,
				4F3BB1591284C78800F75366 /* iPhoneDivePoolViewController.m in Sources */,
			);
			runOnlyForDeploymentPostprocessing = 0;
		};
/* End PBXSourcesBuildPhase section */

/* Begin PBXVariantGroup section */
		4F3BB14C1284C78800F75366 /* InfoPlist.strings */ = {
			isa = PBXVariantGroup;
			children = (
				4F3BB14D1284C78800F75366 /* en */,
			);
			name = InfoPlist.strings;
			sourceTree = "<group>";
		};
		4F3BB1541284C78800F75366 /* MainWindow.xib */ = {
			isa = PBXVariantGroup;
			children = (
				4F3BB1551284C78800F75366 /* en */,
			);
			name = MainWindow.xib;
			sourceTree = "<group>";
		};
		4F3BB15A1284C78800F75366 /* iPhoneDivePoolViewController.xib */ = {
			isa = PBXVariantGroup;
			children = (
				4F3BB15B1284C78800F75366 /* en */,
			);
			name = iPhoneDivePoolViewController.xib;
			sourceTree = "<group>";
		};
/* End PBXVariantGroup section */

/* Begin XCBuildConfiguration section */
		4F3BB15D1284C78800F75366 /* Debug */ = {
			isa = XCBuildConfiguration;
			buildSettings = {
				ARCHS = "$(ARCHS_STANDARD_32_BIT)";
				"CODE_SIGN_IDENTITY[sdk=iphoneos*]" = "iPhone Developer";
				GCC_C_LANGUAGE_STANDARD = gnu99;
				GCC_OPTIMIZATION_LEVEL = 0;
				GCC_PREPROCESSOR_DEFINITIONS = DEBUG;
				GCC_WARN_ABOUT_RETURN_TYPE = YES;
				GCC_WARN_UNUSED_VARIABLE = YES;
				IPHONEOS_DEPLOYMENT_TARGET = 4.1;
				PREBINDING = NO;
				SDKROOT = iphoneos;
			};
			name = Debug;
		};
		4F3BB15E1284C78800F75366 /* Release */ = {
			isa = XCBuildConfiguration;
			buildSettings = {
				ARCHS = "$(ARCHS_STANDARD_32_BIT)";
				"CODE_SIGN_IDENTITY[sdk=iphoneos*]" = "iPhone Developer";
				GCC_C_LANGUAGE_STANDARD = gnu99;
				GCC_WARN_ABOUT_RETURN_TYPE = YES;
				GCC_WARN_UNUSED_VARIABLE = YES;
				IPHONEOS_DEPLOYMENT_TARGET = 4.1;
				OTHER_CFLAGS = "-DNS_BLOCK_ASSERTIONS=1";
				PREBINDING = NO;
				SDKROOT = iphoneos;
			};
			name = Release;
		};
		4F3BB1601284C78800F75366 /* Debug */ = {
			isa = XCBuildConfiguration;
			buildSettings = {
				ALWAYS_SEARCH_USER_PATHS = NO;
				COPY_PHASE_STRIP = NO;
				GCC_DYNAMIC_NO_PIC = NO;
				GCC_PRECOMPILE_PREFIX_HEADER = YES;
				GCC_PREFIX_HEADER = iPhoneDivePool_Prefix.pch;
				INFOPLIST_FILE = "iPhoneDivePool-Info.plist";
				PRODUCT_NAME = "$(TARGET_NAME)";
				WRAPPER_EXTENSION = app;
			};
			name = Debug;
		};
		4F3BB1611284C78800F75366 /* Release */ = {
			isa = XCBuildConfiguration;
			buildSettings = {
				ALWAYS_SEARCH_USER_PATHS = NO;
				COPY_PHASE_STRIP = YES;
				GCC_PRECOMPILE_PREFIX_HEADER = YES;
				GCC_PREFIX_HEADER = iPhoneDivePool_Prefix.pch;
				INFOPLIST_FILE = "iPhoneDivePool-Info.plist";
				PRODUCT_NAME = "$(TARGET_NAME)";
				VALIDATE_PRODUCT = YES;
				WRAPPER_EXTENSION = app;
			};
			name = Release;
		};
/* End XCBuildConfiguration section */

/* Begin XCConfigurationList section */
		4F3BB1371284C78800F75366 /* Build configuration list for PBXProject "iPhoneDivePool" */ = {
			isa = XCConfigurationList;
			buildConfigurations = (
				4F3BB15D1284C78800F75366 /* Debug */,
				4F3BB15E1284C78800F75366 /* Release */,
			);
			defaultConfigurationIsVisible = 0;
			defaultConfigurationName = Release;
		};
		4F3BB15F1284C78800F75366 /* Build configuration list for PBXNativeTarget "iPhoneDivePool" */ = {
			isa = XCConfigurationList;
			buildConfigurations = (
				4F3BB1601284C78800F75366 /* Debug */,
				4F3BB1611284C78800F75366 /* Release */,
			);
			defaultConfigurationIsVisible = 0;
			defaultConfigurationName = Release;
		};
/* End XCConfigurationList section */
	};
	rootObject = 4F3BB1341284C78800F75366 /* Project object */;
}
